
Microsoft Visual Studio Solution File, Format Version 12.00
# Visual Studio Version 16
VisualStudioVersion = 16.0.30104.148
MinimumVisualStudioVersion = 10.0.40219.1
Project("{9A19103F-16F7-4668-BE54-9A1E7A4F7556}") = "ConsoleApp3", "ConsoleApp3\ConsoleApp3.csproj", "{998F4CBF-1D59-47BD-B587-DA4CF24614B3}"
EndProject
Project("{9A19103F-16F7-4668-BE54-9A1E7A4F7556}") = "TimerConsolee", "TimerConsolee\TimerConsolee.csproj", "{5DE3576D-FCEF-4860-A4F3-3BA77D4A6AA8}"
EndProject
Project("{9A19103F-16F7-4668-BE54-9A1E7A4F7556}") = "Coree", "Coree\Coree.csproj", "{783AE3F1-CEA1-4013-8652-A500CDDAEC69}"
EndProject
Project("{9A19103F-16F7-4668-BE54-9A1E7A4F7556}") = "BlazorApp", "..\BlazorKTITS4\BlazorApp5\BlazorApp.csproj", "{3D5A6D1F-7603-40E4-B5DA-7C2630E40E21}"
EndProject
Global
	GlobalSection(SolutionConfigurationPlatforms) = preSolution
		Debug|Any CPU = Debug|Any CPU
		Release|Any CPU = Release|Any CPU
	EndGlobalSection
	GlobalSection(ProjectConfigurationPlatforms) = postSolution
		{998F4CBF-1D59-47BD-B587-DA4CF24614B3}.Debug|Any CPU.ActiveCfg = Debug|Any CPU
		{998F4CBF-1D59-47BD-B587-DA4CF24614B3}.Debug|Any CPU.Build.0 = Debug|Any CPU
		{998F4CBF-1D59-47BD-B587-DA4CF24614B3}.Release|Any CPU.ActiveCfg = Release|Any CPU
		{998F4CBF-1D59-47BD-B587-DA4CF24614B3}.Release|Any CPU.Build.0 = Release|Any CPU
		{5DE3576D-FCEF-4860-A4F3-3BA77D4A6AA8}.Debug|Any CPU.ActiveCfg = Debug|Any CPU
		{5DE3576D-FCEF-4860-A4F3-3BA77D4A6AA8}.Debug|Any CPU.Build.0 = Debug|Any CPU
		{5DE3576D-FCEF-4860-A4F3-3BA77D4A6AA8}.Release|Any CPU.ActiveCfg = Release|Any CPU
		{5DE3576D-FCEF-4860-A4F3-3BA77D4A6AA8}.Release|Any CPU.Build.0 = Release|Any CPU
		{783AE3F1-CEA1-4013-8652-A500CDDAEC69}.Debug|Any CPU.ActiveCfg = Debug|Any CPU
		{783AE3F1-CEA1-4013-8652-A500CDDAEC69}.Debug|Any CPU.Build.0 = Debug|Any CPU
		{783AE3F1-CEA1-4013-8652-A500CDDAEC69}.Release|Any CPU.ActiveCfg = Release|Any CPU
		{783AE3F1-CEA1-4013-8652-A500CDDAEC69}.Release|Any CPU.Build.0 = Release|Any CPU
		{3D5A6D1F-7603-40E4-B5DA-7C2630E40E21}.Debug|Any CPU.ActiveCfg = Debug|Any CPU
		{3D5A6D1F-7603-40E4-B5DA-7C2630E40E21}.Debug|Any CPU.Build.0 = Debug|Any CPU
		{3D5A6D1F-7603-40E4-B5DA-7C2630E40E21}.Release|Any CPU.ActiveCfg = Release|Any CPU
		{3D5A6D1F-7603-40E4-B5DA-7C2630E40E21}.Release|Any CPU.Build.0 = Release|Any CPU
	EndGlobalSection
	GlobalSection(SolutionProperties) = preSolution
		HideSolutionNode = FALSE
	EndGlobalSection
	GlobalSection(ExtensibilityGlobals) = postSolution
		SolutionGuid = {16BD71D7-70FB-45BA-9CB9-29ECCE2F9EB8}
	EndGlobalSection
EndGlobal
