
Microsoft Visual Studio Solution File, Format Version 12.00
# Visual Studio Version 16
VisualStudioVersion = 16.0.30104.148
MinimumVisualStudioVersion = 10.0.40219.1
Project("{9A19103F-16F7-4668-BE54-9A1E7A4F7556}") = "ConsoleApp3", "ConsoleApp3\ConsoleApp3.csproj", "{998F4CBF-1D59-47BD-B587-DA4CF24614B3}"
EndProject
Project("{FAE04EC0-301F-11D3-BF4B-00C04F79EFBC}") = "CoreLibrary", "CoreLibrary\CoreLibrary.csproj", "{22CCBB96-9F3E-427B-BD03-FDE8D27DE514}"
EndProject
Global
	GlobalSection(SolutionConfigurationPlatforms) = preSolution
		Debug|Any CPU = Debug|Any CPU
		Release|Any CPU = Release|Any CPU
	EndGlobalSection
	GlobalSection(ProjectConfigurationPlatforms) = postSolution
		{998F4CBF-1D59-47BD-B587-DA4CF24614B3}.Debug|Any CPU.ActiveCfg = Debug|Any CPU
		{998F4CBF-1D59-47BD-B587-DA4CF24614B3}.Debug|Any CPU.Build.0 = Debug|Any CPU
		{998F4CBF-1D59-47BD-B587-DA4CF24614B3}.Release|Any CPU.ActiveCfg = Release|Any CPU
		{998F4CBF-1D59-47BD-B587-DA4CF24614B3}.Release|Any CPU.Build.0 = Release|Any CPU
		{22CCBB96-9F3E-427B-BD03-FDE8D27DE514}.Debug|Any CPU.ActiveCfg = Debug|Any CPU
		{22CCBB96-9F3E-427B-BD03-FDE8D27DE514}.Debug|Any CPU.Build.0 = Debug|Any CPU
		{22CCBB96-9F3E-427B-BD03-FDE8D27DE514}.Release|Any CPU.ActiveCfg = Release|Any CPU
		{22CCBB96-9F3E-427B-BD03-FDE8D27DE514}.Release|Any CPU.Build.0 = Release|Any CPU
	EndGlobalSection
	GlobalSection(SolutionProperties) = preSolution
		HideSolutionNode = FALSE
	EndGlobalSection
	GlobalSection(ExtensibilityGlobals) = postSolution
		SolutionGuid = {16BD71D7-70FB-45BA-9CB9-29ECCE2F9EB8}
	EndGlobalSection
EndGlobal
