
Microsoft Visual Studio Solution File, Format Version 12.00
# Visual Studio Version 16
VisualStudioVersion = 16.0.30104.148
MinimumVisualStudioVersion = 10.0.40219.1
Project("{9A19103F-16F7-4668-BE54-9A1E7A4F7556}") = "BlazorExample", "BlazorExample\BlazorExample.csproj", "{8EC74716-9406-405C-8D9E-4BA960158775}"
EndProject
Global
	GlobalSection(SolutionConfigurationPlatforms) = preSolution
		Debug|Any CPU = Debug|Any CPU
		Release|Any CPU = Release|Any CPU
	EndGlobalSection
	GlobalSection(ProjectConfigurationPlatforms) = postSolution
		{8EC74716-9406-405C-8D9E-4BA960158775}.Debug|Any CPU.ActiveCfg = Debug|Any CPU
		{8EC74716-9406-405C-8D9E-4BA960158775}.Debug|Any CPU.Build.0 = Debug|Any CPU
		{8EC74716-9406-405C-8D9E-4BA960158775}.Release|Any CPU.ActiveCfg = Release|Any CPU
		{8EC74716-9406-405C-8D9E-4BA960158775}.Release|Any CPU.Build.0 = Release|Any CPU
	EndGlobalSection
	GlobalSection(SolutionProperties) = preSolution
		HideSolutionNode = FALSE
	EndGlobalSection
	GlobalSection(ExtensibilityGlobals) = postSolution
		SolutionGuid = {16BD71D7-70FB-45BA-9CB9-29ECCE2F9EB8}
	EndGlobalSection
EndGlobal
